
Microsoft Visual Studio Solution File, Format Version 12.00
# Visual Studio Version 17
VisualStudioVersion = 17.11.35312.102
MinimumVisualStudioVersion = 10.0.40219.1
Project("{FAE04EC0-301F-11D3-BF4B-00C04F79EFBC}") = "BE", "BE\BE.csproj", "{7E54E28F-4507-43D7-AA3E-9B2B35F39DDC}"
EndProject
Global
	GlobalSection(SolutionConfigurationPlatforms) = preSolution
		Debug|Any CPU = Debug|Any CPU
		Release|Any CPU = Release|Any CPU
	EndGlobalSection
	GlobalSection(ProjectConfigurationPlatforms) = postSolution
		{7E54E28F-4507-43D7-AA3E-9B2B35F39DDC}.Debug|Any CPU.ActiveCfg = Debug|Any CPU
		{7E54E28F-4507-43D7-AA3E-9B2B35F39DDC}.Debug|Any CPU.Build.0 = Debug|Any CPU
		{7E54E28F-4507-43D7-AA3E-9B2B35F39DDC}.Release|Any CPU.ActiveCfg = Release|Any CPU
		{7E54E28F-4507-43D7-AA3E-9B2B35F39DDC}.Release|Any CPU.Build.0 = Release|Any CPU
	EndGlobalSection
	GlobalSection(SolutionProperties) = preSolution
		HideSolutionNode = FALSE
	EndGlobalSection
	GlobalSection(ExtensibilityGlobals) = postSolution
		SolutionGuid = {562C3D10-ECF5-44EA-9498-F4366318CA60}
	EndGlobalSection
EndGlobal
